
Microsoft Visual Studio Solution File, Format Version 12.00
# Visual Studio Version 16
VisualStudioVersion = 16.0.30804.86
MinimumVisualStudioVersion = 10.0.40219.1
Project("{9A19103F-16F7-4668-BE54-9A1E7A4F7556}") = "CastleWindsor", "CastleWindsor\CastleWindsor.csproj", "{453C5427-C44D-49DD-B36F-CF10A67582A9}"
EndProject
Project("{9A19103F-16F7-4668-BE54-9A1E7A4F7556}") = "Lets.Application", "Application\Lets.Application.csproj", "{950B8670-5B1B-4AA6-9228-5A7961415BF4}"
EndProject
Project("{9A19103F-16F7-4668-BE54-9A1E7A4F7556}") = "Lets.Models", "Models\Lets.Models.csproj", "{20952628-1168-4AEC-9FD3-975A19FF842D}"
EndProject
Project("{9A19103F-16F7-4668-BE54-9A1E7A4F7556}") = "Lets.Infrastructure", "Infrastructure\Lets.Infrastructure.csproj", "{ADEC9C00-5986-41D1-8D0F-789C736BCCC5}"
EndProject
Project("{9A19103F-16F7-4668-BE54-9A1E7A4F7556}") = "Lets.Utils", "Utils\Lets.Utils.csproj", "{086179BA-F98A-43C6-8D3A-4D5EEFF86A66}"
EndProject
Global
	GlobalSection(SolutionConfigurationPlatforms) = preSolution
		Debug|Any CPU = Debug|Any CPU
		Release|Any CPU = Release|Any CPU
	EndGlobalSection
	GlobalSection(ProjectConfigurationPlatforms) = postSolution
		{453C5427-C44D-49DD-B36F-CF10A67582A9}.Debug|Any CPU.ActiveCfg = Debug|Any CPU
		{453C5427-C44D-49DD-B36F-CF10A67582A9}.Debug|Any CPU.Build.0 = Debug|Any CPU
		{453C5427-C44D-49DD-B36F-CF10A67582A9}.Release|Any CPU.ActiveCfg = Release|Any CPU
		{453C5427-C44D-49DD-B36F-CF10A67582A9}.Release|Any CPU.Build.0 = Release|Any CPU
		{950B8670-5B1B-4AA6-9228-5A7961415BF4}.Debug|Any CPU.ActiveCfg = Debug|Any CPU
		{950B8670-5B1B-4AA6-9228-5A7961415BF4}.Debug|Any CPU.Build.0 = Debug|Any CPU
		{950B8670-5B1B-4AA6-9228-5A7961415BF4}.Release|Any CPU.ActiveCfg = Release|Any CPU
		{950B8670-5B1B-4AA6-9228-5A7961415BF4}.Release|Any CPU.Build.0 = Release|Any CPU
		{20952628-1168-4AEC-9FD3-975A19FF842D}.Debug|Any CPU.ActiveCfg = Debug|Any CPU
		{20952628-1168-4AEC-9FD3-975A19FF842D}.Debug|Any CPU.Build.0 = Debug|Any CPU
		{20952628-1168-4AEC-9FD3-975A19FF842D}.Release|Any CPU.ActiveCfg = Release|Any CPU
		{20952628-1168-4AEC-9FD3-975A19FF842D}.Release|Any CPU.Build.0 = Release|Any CPU
		{ADEC9C00-5986-41D1-8D0F-789C736BCCC5}.Debug|Any CPU.ActiveCfg = Debug|Any CPU
		{ADEC9C00-5986-41D1-8D0F-789C736BCCC5}.Debug|Any CPU.Build.0 = Debug|Any CPU
		{ADEC9C00-5986-41D1-8D0F-789C736BCCC5}.Release|Any CPU.ActiveCfg = Release|Any CPU
		{ADEC9C00-5986-41D1-8D0F-789C736BCCC5}.Release|Any CPU.Build.0 = Release|Any CPU
		{086179BA-F98A-43C6-8D3A-4D5EEFF86A66}.Debug|Any CPU.ActiveCfg = Debug|Any CPU
		{086179BA-F98A-43C6-8D3A-4D5EEFF86A66}.Debug|Any CPU.Build.0 = Debug|Any CPU
		{086179BA-F98A-43C6-8D3A-4D5EEFF86A66}.Release|Any CPU.ActiveCfg = Release|Any CPU
		{086179BA-F98A-43C6-8D3A-4D5EEFF86A66}.Release|Any CPU.Build.0 = Release|Any CPU
	EndGlobalSection
	GlobalSection(SolutionProperties) = preSolution
		HideSolutionNode = FALSE
	EndGlobalSection
	GlobalSection(ExtensibilityGlobals) = postSolution
		SolutionGuid = {E5F33391-6A39-44D6-A278-2DC7845226D6}
	EndGlobalSection
EndGlobal
